
Microsoft Visual Studio Solution File, Format Version 12.00
# Visual Studio 14
VisualStudioVersion = 14.0.25420.1
MinimumVisualStudioVersion = 10.0.40219.1
Project("{FAE04EC0-301F-11D3-BF4B-00C04F79EFBC}") = "NHibernate_repository", "NHibernate_repository\NHibernate_repository.csproj", "{97A72239-C0C4-49FC-85A0-265FED0321F6}"
EndProject
Project("{00D1A9C2-B5F0-4AF3-8072-F6C62B433612}") = "Database", "Database\Database.sqlproj", "{942584A5-1BB6-4105-9AB5-0DA642E99EAF}"
EndProject
Global
	GlobalSection(SolutionConfigurationPlatforms) = preSolution
		Debug|Any CPU = Debug|Any CPU
		Release|Any CPU = Release|Any CPU
	EndGlobalSection
	GlobalSection(ProjectConfigurationPlatforms) = postSolution
		{97A72239-C0C4-49FC-85A0-265FED0321F6}.Debug|Any CPU.ActiveCfg = Debug|Any CPU
		{97A72239-C0C4-49FC-85A0-265FED0321F6}.Debug|Any CPU.Build.0 = Debug|Any CPU
		{97A72239-C0C4-49FC-85A0-265FED0321F6}.Release|Any CPU.ActiveCfg = Release|Any CPU
		{97A72239-C0C4-49FC-85A0-265FED0321F6}.Release|Any CPU.Build.0 = Release|Any CPU
		{942584A5-1BB6-4105-9AB5-0DA642E99EAF}.Debug|Any CPU.ActiveCfg = Debug|Any CPU
		{942584A5-1BB6-4105-9AB5-0DA642E99EAF}.Debug|Any CPU.Build.0 = Debug|Any CPU
		{942584A5-1BB6-4105-9AB5-0DA642E99EAF}.Debug|Any CPU.Deploy.0 = Debug|Any CPU
		{942584A5-1BB6-4105-9AB5-0DA642E99EAF}.Release|Any CPU.ActiveCfg = Release|Any CPU
		{942584A5-1BB6-4105-9AB5-0DA642E99EAF}.Release|Any CPU.Build.0 = Release|Any CPU
		{942584A5-1BB6-4105-9AB5-0DA642E99EAF}.Release|Any CPU.Deploy.0 = Release|Any CPU
	EndGlobalSection
	GlobalSection(SolutionProperties) = preSolution
		HideSolutionNode = FALSE
	EndGlobalSection
EndGlobal
